
Microsoft Visual Studio Solution File, Format Version 12.00
# Visual Studio 15
VisualStudioVersion = 15.0.28010.2048
MinimumVisualStudioVersion = 10.0.40219.1
Project("{9A19103F-16F7-4668-BE54-9A1E7A4F7556}") = "KSoft.AspNetCore.Hosting", "src\KSoft.AspNetCore.Hosting.csproj", "{C21E1796-08B3-4E33-8757-05CBF8B471A5}"
EndProject
Global
	GlobalSection(SolutionConfigurationPlatforms) = preSolution
		Debug|Any CPU = Debug|Any CPU
		Release|Any CPU = Release|Any CPU
	EndGlobalSection
	GlobalSection(ProjectConfigurationPlatforms) = postSolution
		{C21E1796-08B3-4E33-8757-05CBF8B471A5}.Debug|Any CPU.ActiveCfg = Debug|Any CPU
		{C21E1796-08B3-4E33-8757-05CBF8B471A5}.Debug|Any CPU.Build.0 = Debug|Any CPU
		{C21E1796-08B3-4E33-8757-05CBF8B471A5}.Release|Any CPU.ActiveCfg = Release|Any CPU
		{C21E1796-08B3-4E33-8757-05CBF8B471A5}.Release|Any CPU.Build.0 = Release|Any CPU
	EndGlobalSection
	GlobalSection(SolutionProperties) = preSolution
		HideSolutionNode = FALSE
	EndGlobalSection
	GlobalSection(ExtensibilityGlobals) = postSolution
		SolutionGuid = {D9ED1472-A524-4FE1-B633-51E6CC3F5D21}
	EndGlobalSection
EndGlobal
